
Microsoft Visual Studio Solution File, Format Version 12.00
# Visual Studio Version 17
VisualStudioVersion = 17.10.34928.147
MinimumVisualStudioVersion = 10.0.40219.1
Project("{FAE04EC0-301F-11D3-BF4B-00C04F79EFBC}") = "ProposalService.Api", "ProposalService.Api\ProposalService.Api.csproj", "{FB7D179F-7A25-4639-9ADA-5A853A77459E}"
EndProject
Project("{FAE04EC0-301F-11D3-BF4B-00C04F79EFBC}") = "ProposalService.Application", "ProposalService.Application\ProposalService.Application.csproj", "{A21CFC3B-1456-42B3-806F-61362C901684}"
EndProject
Project("{FAE04EC0-301F-11D3-BF4B-00C04F79EFBC}") = "ProposalService.Domain", "ProposalService.Domain\ProposalService.Domain.csproj", "{64BCAB17-12F1-440B-97CD-0525EC84ED40}"
EndProject
Project("{FAE04EC0-301F-11D3-BF4B-00C04F79EFBC}") = "ProposalService.Infrastructure", "ProposalService.Infrastructure\ProposalService.Infrastructure.csproj", "{1E3F1E68-D616-41BB-8543-30ED6CF4F467}"
EndProject
Project("{FAE04EC0-301F-11D3-BF4B-00C04F79EFBC}") = "ProposalService.Tests", "ProposalService.Tests\ProposalService.Tests.csproj", "{77456E05-EAC6-4D25-8185-4DC4064790C2}"
EndProject
Global
	GlobalSection(SolutionConfigurationPlatforms) = preSolution
		Debug|Any CPU = Debug|Any CPU
		Release|Any CPU = Release|Any CPU
	EndGlobalSection
	GlobalSection(ProjectConfigurationPlatforms) = postSolution
		{FB7D179F-7A25-4639-9ADA-5A853A77459E}.Debug|Any CPU.ActiveCfg = Debug|Any CPU
		{FB7D179F-7A25-4639-9ADA-5A853A77459E}.Debug|Any CPU.Build.0 = Debug|Any CPU
		{FB7D179F-7A25-4639-9ADA-5A853A77459E}.Release|Any CPU.ActiveCfg = Release|Any CPU
		{FB7D179F-7A25-4639-9ADA-5A853A77459E}.Release|Any CPU.Build.0 = Release|Any CPU
		{A21CFC3B-1456-42B3-806F-61362C901684}.Debug|Any CPU.ActiveCfg = Debug|Any CPU
		{A21CFC3B-1456-42B3-806F-61362C901684}.Debug|Any CPU.Build.0 = Debug|Any CPU
		{A21CFC3B-1456-42B3-806F-61362C901684}.Release|Any CPU.ActiveCfg = Release|Any CPU
		{A21CFC3B-1456-42B3-806F-61362C901684}.Release|Any CPU.Build.0 = Release|Any CPU
		{64BCAB17-12F1-440B-97CD-0525EC84ED40}.Debug|Any CPU.ActiveCfg = Debug|Any CPU
		{64BCAB17-12F1-440B-97CD-0525EC84ED40}.Debug|Any CPU.Build.0 = Debug|Any CPU
		{64BCAB17-12F1-440B-97CD-0525EC84ED40}.Release|Any CPU.ActiveCfg = Release|Any CPU
		{64BCAB17-12F1-440B-97CD-0525EC84ED40}.Release|Any CPU.Build.0 = Release|Any CPU
		{1E3F1E68-D616-41BB-8543-30ED6CF4F467}.Debug|Any CPU.ActiveCfg = Debug|Any CPU
		{1E3F1E68-D616-41BB-8543-30ED6CF4F467}.Debug|Any CPU.Build.0 = Debug|Any CPU
		{1E3F1E68-D616-41BB-8543-30ED6CF4F467}.Release|Any CPU.ActiveCfg = Release|Any CPU
		{1E3F1E68-D616-41BB-8543-30ED6CF4F467}.Release|Any CPU.Build.0 = Release|Any CPU
		{77456E05-EAC6-4D25-8185-4DC4064790C2}.Debug|Any CPU.ActiveCfg = Debug|Any CPU
		{77456E05-EAC6-4D25-8185-4DC4064790C2}.Debug|Any CPU.Build.0 = Debug|Any CPU
		{77456E05-EAC6-4D25-8185-4DC4064790C2}.Release|Any CPU.ActiveCfg = Release|Any CPU
		{77456E05-EAC6-4D25-8185-4DC4064790C2}.Release|Any CPU.Build.0 = Release|Any CPU
	EndGlobalSection
	GlobalSection(SolutionProperties) = preSolution
		HideSolutionNode = FALSE
	EndGlobalSection
	GlobalSection(ExtensibilityGlobals) = postSolution
		SolutionGuid = {BDCDC520-B6DB-4155-9A85-6BFDC75F4C04}
	EndGlobalSection
EndGlobal
